
Microsoft Visual Studio Solution File, Format Version 12.00
# Visual Studio Version 16
VisualStudioVersion = 16.0.31424.327
MinimumVisualStudioVersion = 10.0.40219.1
Project("{FAE04EC0-301F-11D3-BF4B-00C04F79EFBC}") = "Calculo_imc", "Calculo_imc\Calculo_imc.csproj", "{F7A45A12-B456-47E0-83C9-B3B60C9E8267}"
EndProject
Global
	GlobalSection(SolutionConfigurationPlatforms) = preSolution
		Debug|Any CPU = Debug|Any CPU
		Release|Any CPU = Release|Any CPU
	EndGlobalSection
	GlobalSection(ProjectConfigurationPlatforms) = postSolution
		{F7A45A12-B456-47E0-83C9-B3B60C9E8267}.Debug|Any CPU.ActiveCfg = Debug|Any CPU
		{F7A45A12-B456-47E0-83C9-B3B60C9E8267}.Debug|Any CPU.Build.0 = Debug|Any CPU
		{F7A45A12-B456-47E0-83C9-B3B60C9E8267}.Release|Any CPU.ActiveCfg = Release|Any CPU
		{F7A45A12-B456-47E0-83C9-B3B60C9E8267}.Release|Any CPU.Build.0 = Release|Any CPU
	EndGlobalSection
	GlobalSection(SolutionProperties) = preSolution
		HideSolutionNode = FALSE
	EndGlobalSection
	GlobalSection(ExtensibilityGlobals) = postSolution
		SolutionGuid = {4E23AC72-D81C-491F-9FEC-95B7DBBD3697}
	EndGlobalSection
EndGlobal
